
Microsoft Visual Studio Solution File, Format Version 12.00
# Visual Studio Version 17
VisualStudioVersion = 17.8.34525.116
MinimumVisualStudioVersion = 10.0.40219.1
Project("{FAE04EC0-301F-11D3-BF4B-00C04F79EFBC}") = "FormaGeométrica", "FormaGeométrica\FormaGeométrica.csproj", "{96B6CDC2-52A0-4489-B600-591D4676790B}"
EndProject
Global
	GlobalSection(SolutionConfigurationPlatforms) = preSolution
		Debug|Any CPU = Debug|Any CPU
		Release|Any CPU = Release|Any CPU
	EndGlobalSection
	GlobalSection(ProjectConfigurationPlatforms) = postSolution
		{96B6CDC2-52A0-4489-B600-591D4676790B}.Debug|Any CPU.ActiveCfg = Debug|Any CPU
		{96B6CDC2-52A0-4489-B600-591D4676790B}.Debug|Any CPU.Build.0 = Debug|Any CPU
		{96B6CDC2-52A0-4489-B600-591D4676790B}.Release|Any CPU.ActiveCfg = Release|Any CPU
		{96B6CDC2-52A0-4489-B600-591D4676790B}.Release|Any CPU.Build.0 = Release|Any CPU
	EndGlobalSection
	GlobalSection(SolutionProperties) = preSolution
		HideSolutionNode = FALSE
	EndGlobalSection
	GlobalSection(ExtensibilityGlobals) = postSolution
		SolutionGuid = {F3F802B3-1905-499A-9403-B8B44210A00C}
	EndGlobalSection
EndGlobal
